
Microsoft Visual Studio Solution File, Format Version 12.00
# Visual Studio Version 17
VisualStudioVersion = 17.11.35222.181
MinimumVisualStudioVersion = 10.0.40219.1
Project("{FAE04EC0-301F-11D3-BF4B-00C04F79EFBC}") = "Store.Data", "Store.Data\Store.Data.csproj", "{8121C366-5D67-4687-A005-769BC935E9DC}"
EndProject
Project("{FAE04EC0-301F-11D3-BF4B-00C04F79EFBC}") = "Store.Service", "Store.Service\Store.Service.csproj", "{D7CB1537-7E7E-4F6E-A0BE-532652D88344}"
EndProject
Project("{FAE04EC0-301F-11D3-BF4B-00C04F79EFBC}") = "Store.Repository", "Store.Repository\Store.Repository.csproj", "{25385B82-3004-43E9-B399-60263AD81827}"
EndProject
Project("{FAE04EC0-301F-11D3-BF4B-00C04F79EFBC}") = "Store.Web", "Store.Web\Store.Web.csproj", "{E3D6E3B9-274E-4B3E-82CC-D83685506F93}"
EndProject
Global
	GlobalSection(SolutionConfigurationPlatforms) = preSolution
		Debug|Any CPU = Debug|Any CPU
		Release|Any CPU = Release|Any CPU
	EndGlobalSection
	GlobalSection(ProjectConfigurationPlatforms) = postSolution
		{8121C366-5D67-4687-A005-769BC935E9DC}.Debug|Any CPU.ActiveCfg = Debug|Any CPU
		{8121C366-5D67-4687-A005-769BC935E9DC}.Debug|Any CPU.Build.0 = Debug|Any CPU
		{8121C366-5D67-4687-A005-769BC935E9DC}.Release|Any CPU.ActiveCfg = Release|Any CPU
		{8121C366-5D67-4687-A005-769BC935E9DC}.Release|Any CPU.Build.0 = Release|Any CPU
		{D7CB1537-7E7E-4F6E-A0BE-532652D88344}.Debug|Any CPU.ActiveCfg = Debug|Any CPU
		{D7CB1537-7E7E-4F6E-A0BE-532652D88344}.Debug|Any CPU.Build.0 = Debug|Any CPU
		{D7CB1537-7E7E-4F6E-A0BE-532652D88344}.Release|Any CPU.ActiveCfg = Release|Any CPU
		{D7CB1537-7E7E-4F6E-A0BE-532652D88344}.Release|Any CPU.Build.0 = Release|Any CPU
		{25385B82-3004-43E9-B399-60263AD81827}.Debug|Any CPU.ActiveCfg = Debug|Any CPU
		{25385B82-3004-43E9-B399-60263AD81827}.Debug|Any CPU.Build.0 = Debug|Any CPU
		{25385B82-3004-43E9-B399-60263AD81827}.Release|Any CPU.ActiveCfg = Release|Any CPU
		{25385B82-3004-43E9-B399-60263AD81827}.Release|Any CPU.Build.0 = Release|Any CPU
		{E3D6E3B9-274E-4B3E-82CC-D83685506F93}.Debug|Any CPU.ActiveCfg = Debug|Any CPU
		{E3D6E3B9-274E-4B3E-82CC-D83685506F93}.Debug|Any CPU.Build.0 = Debug|Any CPU
		{E3D6E3B9-274E-4B3E-82CC-D83685506F93}.Release|Any CPU.ActiveCfg = Release|Any CPU
		{E3D6E3B9-274E-4B3E-82CC-D83685506F93}.Release|Any CPU.Build.0 = Release|Any CPU
	EndGlobalSection
	GlobalSection(SolutionProperties) = preSolution
		HideSolutionNode = FALSE
	EndGlobalSection
	GlobalSection(ExtensibilityGlobals) = postSolution
		SolutionGuid = {A418E357-0901-4EE2-815C-4368126DB58F}
	EndGlobalSection
EndGlobal
